
Microsoft Visual Studio Solution File, Format Version 12.00
# Visual Studio Version 17
VisualStudioVersion = 17.2.32516.85
MinimumVisualStudioVersion = 10.0.40219.1
Project("{FAE04EC0-301F-11D3-BF4B-00C04F79EFBC}") = "prjWebCsIntroductionApsNet", "prjWebCsIntroductionApsNet\prjWebCsIntroductionApsNet.csproj", "{AB695A47-DDFF-45F8-8627-F825BBB80B82}"
EndProject
Global
	GlobalSection(SolutionConfigurationPlatforms) = preSolution
		Debug|Any CPU = Debug|Any CPU
		Release|Any CPU = Release|Any CPU
	EndGlobalSection
	GlobalSection(ProjectConfigurationPlatforms) = postSolution
		{AB695A47-DDFF-45F8-8627-F825BBB80B82}.Debug|Any CPU.ActiveCfg = Debug|Any CPU
		{AB695A47-DDFF-45F8-8627-F825BBB80B82}.Debug|Any CPU.Build.0 = Debug|Any CPU
		{AB695A47-DDFF-45F8-8627-F825BBB80B82}.Release|Any CPU.ActiveCfg = Release|Any CPU
		{AB695A47-DDFF-45F8-8627-F825BBB80B82}.Release|Any CPU.Build.0 = Release|Any CPU
	EndGlobalSection
	GlobalSection(SolutionProperties) = preSolution
		HideSolutionNode = FALSE
	EndGlobalSection
	GlobalSection(ExtensibilityGlobals) = postSolution
		SolutionGuid = {A7352ACA-273B-47AF-9AA3-25FD973DCF77}
	EndGlobalSection
EndGlobal
